{
  "name": "urbit-ob-test",
  "version": "1.0.0",
  "lockfileVersion": 3,
  "requires": true,
  "packages": {
    "": {
      "name": "urbit-ob-test",
      "version": "1.0.0",
      "license": "MIT",
      "dependencies": {
        "urbit-ob": "^5.0.1"
      }
    },
    "node_modules/bn.js": {
      "version": "4.12.0",
      "resolved": "https://registry.npmjs.org/bn.js/-/bn.js-4.12.0.tgz",
      "integrity": "sha512-c98Bf3tPniI+scsdk237ku1Dc3ujXQTSgyiPUDEOe7tRkhrqridvh8klBv0HCEso1OLOYcHuCv/cS6DNxKH+ZA=="
    },
    "node_modules/lodash.chunk": {
      "version": "4.2.0",
      "resolved": "https://registry.npmjs.org/lodash.chunk/-/lodash.chunk-4.2.0.tgz",
      "integrity": "sha512-ZzydJKfUHJwHa+hF5X66zLFCBrWn5GeF28OHEr4WVWtNDXlQ/IjWKPBiikqKo2ne0+v6JgCgJ0GzJp8k8bHC7w=="
    },
    "node_modules/lodash.isequal": {
      "version": "4.5.0",
      "resolved": "https://registry.npmjs.org/lodash.isequal/-/lodash.isequal-4.5.0.tgz",
      "integrity": "sha512-pDo3lu8Jhfjqls6GkMgpahsF9kCyayhgykjyLMNFTKWrpVdAQtYyB4muAMWozBB4ig/dtWAmsMxLEI8wuz+DYQ=="
    },
    "node_modules/urbit-ob": {
      "version": "5.0.1",
      "resolved": "https://registry.npmjs.org/urbit-ob/-/urbit-ob-5.0.1.tgz",
      "integrity": "sha512-qGNAwu87XNkW3g8ah4fUwmh2EKXtsdhEbyEiE5qX4Op17rhLH3HSkvu8g9z+MhqX51Uz9sf8ktvqJj/IRwETIQ==",
      "dependencies": {
        "bn.js": "^4.11.8",
        "lodash.chunk": "^4.2.0",
        "lodash.isequal": "^4.5.0"
      }
    }
  }
}
